
Microsoft Visual Studio Solution File, Format Version 12.00
# Visual Studio 15
VisualStudioVersion = 15.0.28307.421
MinimumVisualStudioVersion = 10.0.40219.1
Project("{2150E333-8FDC-42A3-9474-1A3956D46DE8}") = "src", "src", "{88E9D87C-B48D-4115-AE43-B7583259AA64}"
EndProject
Project("{2150E333-8FDC-42A3-9474-1A3956D46DE8}") = "shared", "shared", "{D085266D-E28C-4C7F-99DB-20D13BF97BB0}"
	ProjectSection(SolutionItems) = preProject
		core\shared\LEIAME.txt = core\shared\LEIAME.txt
	EndProjectSection
EndProject
Project("{D954291E-2A0B-460D-934E-DC6B0785DB48}") = "ConnectorCSharp", "core\shared\ConnectorCSharp\ConnectorCSharp.shproj", "{2D5D42B2-32AA-42A4-B96B-91E58DD1AA5B}"
EndProject
Project("{D954291E-2A0B-460D-934E-DC6B0785DB48}") = "Management", "core\shared\Management\Management.shproj", "{5BE7403A-E5CA-4BBA-9D46-26F3CF0EB5FB}"
EndProject
Project("{D954291E-2A0B-460D-934E-DC6B0785DB48}") = "Server", "core\shared\Server\Server.shproj", "{03F2CFDD-5BFA-4E64-BB63-C630EEBE4104}"
EndProject
Project("{D954291E-2A0B-460D-934E-DC6B0785DB48}") = "Setup", "core\shared\Setup\Setup.shproj", "{B31AB1E3-4B31-492B-A880-9EFE1CF334DF}"
EndProject
Project("{2150E333-8FDC-42A3-9474-1A3956D46DE8}") = "Solution Items", "Solution Items", "{1A104273-28D8-47A0-AF9F-7CCF4C743C7F}"
	ProjectSection(SolutionItems) = preProject
		LICENSE = LICENSE
		README.md = README.md
	EndProjectSection
EndProject
Project("{2150E333-8FDC-42A3-9474-1A3956D46DE8}") = "tests", "tests", "{0F9FF0FB-B90A-4372-8640-B95A316B19FA}"
EndProject
Project("{2150E333-8FDC-42A3-9474-1A3956D46DE8}") = "core", "core", "{7288F1BF-7DB8-4992-8B9E-A0DAA864B7C3}"
EndProject
Project("{2150E333-8FDC-42A3-9474-1A3956D46DE8}") = "assemblies", "assemblies", "{1EF1BCFF-E928-4C8C-BEE6-B4B72C28528B}"
	ProjectSection(SolutionItems) = preProject
		core\assemblies\LEIAME.txt = core\assemblies\LEIAME.txt
	EndProjectSection
EndProject
Project("{9A19103F-16F7-4668-BE54-9A1E7A4F7556}") = "connectorcsharp.x86.netstandard", "core\assemblies\connectorcsharp.x86.netstandard\connectorcsharp.x86.netstandard.csproj", "{D597300D-C852-468E-BBA4-341EA46C1C4A}"
EndProject
Project("{FAE04EC0-301F-11D3-BF4B-00C04F79EFBC}") = "server.x86.net45", "core\assemblies\server.x86.net45\server.x86.net45.csproj", "{F9EC0AC8-672D-42A2-8357-79E5D7A0E153}"
EndProject
Project("{FAE04EC0-301F-11D3-BF4B-00C04F79EFBC}") = "server.x64.net45", "core\assemblies\server.x64.net45\server.x64.net45.csproj", "{2852EAD9-1EBD-405F-80D4-3CF83F0C39CD}"
EndProject
Project("{FAE04EC0-301F-11D3-BF4B-00C04F79EFBC}") = "setup.x86.net45", "core\assemblies\setup.x86.net45\setup.x86.net45.csproj", "{0EDF1EF0-0D15-4CA6-A6B7-9AF33FC1931B}"
EndProject
Project("{FAE04EC0-301F-11D3-BF4B-00C04F79EFBC}") = "setup.x64.net45", "core\assemblies\setup.x64.net45\setup.x64.net45.csproj", "{99C2A359-F685-43A7-B029-5640C1B601AE}"
EndProject
Project("{FAE04EC0-301F-11D3-BF4B-00C04F79EFBC}") = "connectorcsharp.x86.net45", "core\assemblies\connectorcsharp.x86.net45\connectorcsharp.x86.net45.csproj", "{5586094D-5EE1-4868-BA68-8ECE0649F2F9}"
EndProject
Project("{FAE04EC0-301F-11D3-BF4B-00C04F79EFBC}") = "connectorcsharp.x64.net45", "core\assemblies\connectorcsharp.x64.net45\connectorcsharp.x64.net45.csproj", "{379D468D-4798-4ED7-8E6B-2383B0C21EA9}"
EndProject
Project("{FAE04EC0-301F-11D3-BF4B-00C04F79EFBC}") = "management.x86.net45", "core\assemblies\management.x86.net45\management.x86.net45.csproj", "{9B9CF25B-62DF-4954-A06B-67C058520293}"
EndProject
Project("{FAE04EC0-301F-11D3-BF4B-00C04F79EFBC}") = "management.x64.net45", "core\assemblies\management.x64.net45\management.x64.net45.csproj", "{73A45696-068F-4270-9F12-480EE334B660}"
EndProject
Project("{FAE04EC0-301F-11D3-BF4B-00C04F79EFBC}") = "management.forms.x86.net45", "core\assemblies\management.forms.x86.net45\management.forms.x86.net45.csproj", "{A6E960CB-17C7-472D-8E1B-8505E46710D4}"
EndProject
Project("{2150E333-8FDC-42A3-9474-1A3956D46DE8}") = "x86.NET45", "x86.NET45", "{403C4E65-FA3A-43A8-976D-8EF76EC03E0A}"
EndProject
Project("{2150E333-8FDC-42A3-9474-1A3956D46DE8}") = "x64.NET45", "x64.NET45", "{8BE20400-9F09-47F2-AAE1-721C4E5D9341}"
EndProject
Project("{FAE04EC0-301F-11D3-BF4B-00C04F79EFBC}") = "setup.forms.x86.net45", "core\assemblies\setup.forms.x86.net45\setup.forms.x86.net45.csproj", "{D99E08D9-B1EA-4C09-8682-9687820F7AE3}"
EndProject
Project("{FAE04EC0-301F-11D3-BF4B-00C04F79EFBC}") = "management.forms.x64.net45", "core\assemblies\management.forms.x64.net45\management.forms.x64.net45.csproj", "{8EB166CA-53D4-4E9D-8E52-3115EC66AC77}"
EndProject
Project("{FAE04EC0-301F-11D3-BF4B-00C04F79EFBC}") = "setup.forms.x64.net45", "core\assemblies\setup.forms.x64.net45\setup.forms.x64.net45.csproj", "{752A5F45-0BF2-4125-99F0-6C9BB8F71DB7}"
EndProject
Project("{D954291E-2A0B-460D-934E-DC6B0785DB48}") = "ServerService", "core\shared\ServerService\ServerService.shproj", "{F351BE01-4876-4D74-85B2-595DAF12001B}"
EndProject
Project("{FAE04EC0-301F-11D3-BF4B-00C04F79EFBC}") = "serverservice.x86.net45", "core\assemblies\serverservice.x86.net45\serverservice.x86.net45.csproj", "{E7F5EEE2-8884-4698-A365-EAE2B62B6B3C}"
EndProject
Project("{FAE04EC0-301F-11D3-BF4B-00C04F79EFBC}") = "serverservice.x64.net45", "core\assemblies\serverservice.x64.net45\serverservice.x64.net45.csproj", "{7697B0A0-5607-4FCB-AF01-25FA55C51A4E}"
EndProject
Project("{FAE04EC0-301F-11D3-BF4B-00C04F79EFBC}") = "SuperFastDB.SetupTests_x86.NET45", "tests\SuperFastDB.SetupTests_x86.NET45\SuperFastDB.SetupTests_x86.NET45.csproj", "{4CDF3018-B91C-42D2-919D-011DFF33A7D4}"
EndProject
Project("{FAE04EC0-301F-11D3-BF4B-00C04F79EFBC}") = "SuperFastDB_Console", "src\x64.NET45\SuperFastDB_Console\SuperFastDB_Console.csproj", "{38BAEC7E-2195-4CEC-B058-B623D3BCB731}"
EndProject
Project("{FAE04EC0-301F-11D3-BF4B-00C04F79EFBC}") = "SuperFastDB_Console", "src\x86.NET45\SuperFastDB_Console\SuperFastDB_Console.csproj", "{411E3597-A524-46EC-BF69-337F5C20AD2F}"
EndProject
Project("{FAE04EC0-301F-11D3-BF4B-00C04F79EFBC}") = "SuperFastDB_Management", "src\x64.NET45\SuperFastDB_Management\SuperFastDB_Management.csproj", "{2E0C7375-7B18-4295-B89E-50D11B2922DA}"
EndProject
Project("{FAE04EC0-301F-11D3-BF4B-00C04F79EFBC}") = "SuperFastDB_Server", "src\x64.NET45\SuperFastDB_Server\SuperFastDB_Server.csproj", "{5BA9791A-A021-4B44-B2D8-D6FAC208085B}"
EndProject
Project("{FAE04EC0-301F-11D3-BF4B-00C04F79EFBC}") = "SuperFastDB_Setup", "src\x64.NET45\SuperFastDB_Setup\SuperFastDB_Setup.csproj", "{5CFB6AB0-0E4B-447C-BED3-30557A3499D8}"
EndProject
Project("{FAE04EC0-301F-11D3-BF4B-00C04F79EFBC}") = "SuperFastDB_Management", "src\x86.NET45\SuperFastDB_Management\SuperFastDB_Management.csproj", "{1E9E13B1-2FB2-485B-B2BD-770F81F4D7E2}"
EndProject
Project("{FAE04EC0-301F-11D3-BF4B-00C04F79EFBC}") = "SuperFastDB_Server", "src\x86.NET45\SuperFastDB_Server\SuperFastDB_Server.csproj", "{22416D78-35E4-4F4C-A2E0-038FF9949589}"
EndProject
Project("{FAE04EC0-301F-11D3-BF4B-00C04F79EFBC}") = "SuperFastDB_Setup", "src\x86.NET45\SuperFastDB_Setup\SuperFastDB_Setup.csproj", "{4E5C03E4-6535-4B19-A5B9-7B42610CDCBB}"
EndProject
Project("{FAE04EC0-301F-11D3-BF4B-00C04F79EFBC}") = "SuperFastDB.SetupTests_x64.NET45", "tests\SuperFastDB.SetupTests_x64.NET45\SuperFastDB.SetupTests_x64.NET45.csproj", "{63C0B2EB-0E27-4DEC-83D3-7A024B07803B}"
EndProject
Project("{D954291E-2A0B-460D-934E-DC6B0785DB48}") = "SetupTests", "tests\shared\SetupTests\SetupTests.shproj", "{C88CD92C-EF84-4649-B77B-15A989D1709F}"
EndProject
Project("{2150E333-8FDC-42A3-9474-1A3956D46DE8}") = "shared", "shared", "{B14F6DCA-D84D-42C6-A4CA-8E42FA5B4714}"
EndProject
Project("{FAE04EC0-301F-11D3-BF4B-00C04F79EFBC}") = "SuperFastDB.ConnectorCSharpTests_x86.NET45", "tests\SuperFastDB.ConnectorCSharpTests_x86.NET45\SuperFastDB.ConnectorCSharpTests_x86.NET45.csproj", "{6AF9B0EA-FD19-45AB-916F-789509B80433}"
EndProject
Project("{D954291E-2A0B-460D-934E-DC6B0785DB48}") = "ConnectorCSharpTests", "tests\shared\ConnectorCSharp\ConnectorCSharpTests.shproj", "{DC652ACC-81D6-424A-9C6B-A08E87C17568}"
EndProject
Project("{FAE04EC0-301F-11D3-BF4B-00C04F79EFBC}") = "SuperFastDB.ConnectorCSharpTests_x64.NET45", "tests\SuperFastDB.ConnectorCSharpTests_x64.NET45\SuperFastDB.ConnectorCSharpTests_x64.NET45.csproj", "{824BBED8-279A-492E-B198-F36BA31AC7E5}"
EndProject
Project("{2150E333-8FDC-42A3-9474-1A3956D46DE8}") = "units", "units", "{8DEF7A7D-2595-4DF8-B5D4-67E877400FE3}"
EndProject
Global
	GlobalSection(SharedMSBuildProjectFiles) = preSolution
		core\shared\Server\Server.projitems*{03f2cfdd-5bfa-4e64-bb63-c630eebe4104}*SharedItemsImports = 13
		core\shared\Setup\Setup.projitems*{0edf1ef0-0d15-4ca6-a6b7-9af33fc1931b}*SharedItemsImports = 4
		core\shared\Server\Server.projitems*{2852ead9-1ebd-405f-80d4-3cf83f0c39cd}*SharedItemsImports = 4
		core\shared\ConnectorCSharp\ConnectorCSharp.projitems*{2d5d42b2-32aa-42a4-b96b-91e58dd1aa5b}*SharedItemsImports = 13
		core\shared\ConnectorCSharp\ConnectorCSharp.projitems*{379d468d-4798-4ed7-8e6b-2383b0c21ea9}*SharedItemsImports = 4
		tests\shared\SetupTests\SetupTests.projitems*{4cdf3018-b91c-42d2-919d-011dff33a7d4}*SharedItemsImports = 4
		core\shared\ConnectorCSharp\ConnectorCSharp.projitems*{5586094d-5ee1-4868-ba68-8ece0649f2f9}*SharedItemsImports = 4
		core\shared\Management\Management.projitems*{5be7403a-e5ca-4bba-9d46-26f3cf0eb5fb}*SharedItemsImports = 13
		tests\shared\SetupTests\SetupTests.projitems*{63c0b2eb-0e27-4dec-83d3-7a024b07803b}*SharedItemsImports = 4
		tests\shared\ConnectorCSharp\ConnectorCSharp.projitems*{6af9b0ea-fd19-45ab-916f-789509b80433}*SharedItemsImports = 4
		core\shared\Management\Management.projitems*{73a45696-068f-4270-9f12-480ee334b660}*SharedItemsImports = 4
		core\shared\ServerService\ServerService.projitems*{7697b0a0-5607-4fcb-af01-25fa55c51a4e}*SharedItemsImports = 4
		tests\shared\ConnectorCSharp\ConnectorCSharp.projitems*{824bbed8-279a-492e-b198-f36ba31ac7e5}*SharedItemsImports = 4
		core\shared\Setup\Setup.projitems*{99c2a359-f685-43a7-b029-5640c1b601ae}*SharedItemsImports = 4
		core\shared\Management\Management.projitems*{9b9cf25b-62df-4954-a06b-67c058520293}*SharedItemsImports = 4
		core\shared\Setup\Setup.projitems*{b31ab1e3-4b31-492b-a880-9efe1cf334df}*SharedItemsImports = 13
		tests\shared\SetupTests\SetupTests.projitems*{c88cd92c-ef84-4649-b77b-15a989d1709f}*SharedItemsImports = 13
		tests\shared\ConnectorCSharp\ConnectorCSharp.projitems*{dc652acc-81d6-424a-9c6b-a08e87c17568}*SharedItemsImports = 13
		core\shared\ServerService\ServerService.projitems*{e7f5eee2-8884-4698-a365-eae2b62b6b3c}*SharedItemsImports = 4
		core\shared\ServerService\ServerService.projitems*{f351be01-4876-4d74-85b2-595daf12001b}*SharedItemsImports = 13
		core\shared\Server\Server.projitems*{f9ec0ac8-672d-42a2-8357-79e5d7a0e153}*SharedItemsImports = 4
	EndGlobalSection
	GlobalSection(SolutionConfigurationPlatforms) = preSolution
		Debug|Any CPU = Debug|Any CPU
		Release|Any CPU = Release|Any CPU
	EndGlobalSection
	GlobalSection(ProjectConfigurationPlatforms) = postSolution
		{D597300D-C852-468E-BBA4-341EA46C1C4A}.Debug|Any CPU.ActiveCfg = Debug|Any CPU
		{D597300D-C852-468E-BBA4-341EA46C1C4A}.Debug|Any CPU.Build.0 = Debug|Any CPU
		{D597300D-C852-468E-BBA4-341EA46C1C4A}.Release|Any CPU.ActiveCfg = Release|Any CPU
		{D597300D-C852-468E-BBA4-341EA46C1C4A}.Release|Any CPU.Build.0 = Release|Any CPU
		{F9EC0AC8-672D-42A2-8357-79E5D7A0E153}.Debug|Any CPU.ActiveCfg = Debug|Any CPU
		{F9EC0AC8-672D-42A2-8357-79E5D7A0E153}.Debug|Any CPU.Build.0 = Debug|Any CPU
		{F9EC0AC8-672D-42A2-8357-79E5D7A0E153}.Release|Any CPU.ActiveCfg = Release|Any CPU
		{F9EC0AC8-672D-42A2-8357-79E5D7A0E153}.Release|Any CPU.Build.0 = Release|Any CPU
		{2852EAD9-1EBD-405F-80D4-3CF83F0C39CD}.Debug|Any CPU.ActiveCfg = Debug|Any CPU
		{2852EAD9-1EBD-405F-80D4-3CF83F0C39CD}.Debug|Any CPU.Build.0 = Debug|Any CPU
		{2852EAD9-1EBD-405F-80D4-3CF83F0C39CD}.Release|Any CPU.ActiveCfg = Release|Any CPU
		{2852EAD9-1EBD-405F-80D4-3CF83F0C39CD}.Release|Any CPU.Build.0 = Release|Any CPU
		{0EDF1EF0-0D15-4CA6-A6B7-9AF33FC1931B}.Debug|Any CPU.ActiveCfg = Debug|Any CPU
		{0EDF1EF0-0D15-4CA6-A6B7-9AF33FC1931B}.Debug|Any CPU.Build.0 = Debug|Any CPU
		{0EDF1EF0-0D15-4CA6-A6B7-9AF33FC1931B}.Release|Any CPU.ActiveCfg = Release|Any CPU
		{0EDF1EF0-0D15-4CA6-A6B7-9AF33FC1931B}.Release|Any CPU.Build.0 = Release|Any CPU
		{99C2A359-F685-43A7-B029-5640C1B601AE}.Debug|Any CPU.ActiveCfg = Debug|Any CPU
		{99C2A359-F685-43A7-B029-5640C1B601AE}.Debug|Any CPU.Build.0 = Debug|Any CPU
		{99C2A359-F685-43A7-B029-5640C1B601AE}.Release|Any CPU.ActiveCfg = Release|Any CPU
		{99C2A359-F685-43A7-B029-5640C1B601AE}.Release|Any CPU.Build.0 = Release|Any CPU
		{5586094D-5EE1-4868-BA68-8ECE0649F2F9}.Debug|Any CPU.ActiveCfg = Debug|Any CPU
		{5586094D-5EE1-4868-BA68-8ECE0649F2F9}.Debug|Any CPU.Build.0 = Debug|Any CPU
		{5586094D-5EE1-4868-BA68-8ECE0649F2F9}.Release|Any CPU.ActiveCfg = Release|Any CPU
		{5586094D-5EE1-4868-BA68-8ECE0649F2F9}.Release|Any CPU.Build.0 = Release|Any CPU
		{379D468D-4798-4ED7-8E6B-2383B0C21EA9}.Debug|Any CPU.ActiveCfg = Debug|Any CPU
		{379D468D-4798-4ED7-8E6B-2383B0C21EA9}.Debug|Any CPU.Build.0 = Debug|Any CPU
		{379D468D-4798-4ED7-8E6B-2383B0C21EA9}.Release|Any CPU.ActiveCfg = Release|Any CPU
		{379D468D-4798-4ED7-8E6B-2383B0C21EA9}.Release|Any CPU.Build.0 = Release|Any CPU
		{9B9CF25B-62DF-4954-A06B-67C058520293}.Debug|Any CPU.ActiveCfg = Debug|Any CPU
		{9B9CF25B-62DF-4954-A06B-67C058520293}.Debug|Any CPU.Build.0 = Debug|Any CPU
		{9B9CF25B-62DF-4954-A06B-67C058520293}.Release|Any CPU.ActiveCfg = Release|Any CPU
		{9B9CF25B-62DF-4954-A06B-67C058520293}.Release|Any CPU.Build.0 = Release|Any CPU
		{73A45696-068F-4270-9F12-480EE334B660}.Debug|Any CPU.ActiveCfg = Debug|Any CPU
		{73A45696-068F-4270-9F12-480EE334B660}.Debug|Any CPU.Build.0 = Debug|Any CPU
		{73A45696-068F-4270-9F12-480EE334B660}.Release|Any CPU.ActiveCfg = Release|Any CPU
		{73A45696-068F-4270-9F12-480EE334B660}.Release|Any CPU.Build.0 = Release|Any CPU
		{A6E960CB-17C7-472D-8E1B-8505E46710D4}.Debug|Any CPU.ActiveCfg = Debug|Any CPU
		{A6E960CB-17C7-472D-8E1B-8505E46710D4}.Debug|Any CPU.Build.0 = Debug|Any CPU
		{A6E960CB-17C7-472D-8E1B-8505E46710D4}.Release|Any CPU.ActiveCfg = Release|Any CPU
		{A6E960CB-17C7-472D-8E1B-8505E46710D4}.Release|Any CPU.Build.0 = Release|Any CPU
		{D99E08D9-B1EA-4C09-8682-9687820F7AE3}.Debug|Any CPU.ActiveCfg = Debug|Any CPU
		{D99E08D9-B1EA-4C09-8682-9687820F7AE3}.Debug|Any CPU.Build.0 = Debug|Any CPU
		{D99E08D9-B1EA-4C09-8682-9687820F7AE3}.Release|Any CPU.ActiveCfg = Release|Any CPU
		{D99E08D9-B1EA-4C09-8682-9687820F7AE3}.Release|Any CPU.Build.0 = Release|Any CPU
		{8EB166CA-53D4-4E9D-8E52-3115EC66AC77}.Debug|Any CPU.ActiveCfg = Debug|Any CPU
		{8EB166CA-53D4-4E9D-8E52-3115EC66AC77}.Debug|Any CPU.Build.0 = Debug|Any CPU
		{8EB166CA-53D4-4E9D-8E52-3115EC66AC77}.Release|Any CPU.ActiveCfg = Release|Any CPU
		{8EB166CA-53D4-4E9D-8E52-3115EC66AC77}.Release|Any CPU.Build.0 = Release|Any CPU
		{752A5F45-0BF2-4125-99F0-6C9BB8F71DB7}.Debug|Any CPU.ActiveCfg = Debug|Any CPU
		{752A5F45-0BF2-4125-99F0-6C9BB8F71DB7}.Debug|Any CPU.Build.0 = Debug|Any CPU
		{752A5F45-0BF2-4125-99F0-6C9BB8F71DB7}.Release|Any CPU.ActiveCfg = Release|Any CPU
		{752A5F45-0BF2-4125-99F0-6C9BB8F71DB7}.Release|Any CPU.Build.0 = Release|Any CPU
		{E7F5EEE2-8884-4698-A365-EAE2B62B6B3C}.Debug|Any CPU.ActiveCfg = Debug|Any CPU
		{E7F5EEE2-8884-4698-A365-EAE2B62B6B3C}.Debug|Any CPU.Build.0 = Debug|Any CPU
		{E7F5EEE2-8884-4698-A365-EAE2B62B6B3C}.Release|Any CPU.ActiveCfg = Release|Any CPU
		{E7F5EEE2-8884-4698-A365-EAE2B62B6B3C}.Release|Any CPU.Build.0 = Release|Any CPU
		{7697B0A0-5607-4FCB-AF01-25FA55C51A4E}.Debug|Any CPU.ActiveCfg = Debug|Any CPU
		{7697B0A0-5607-4FCB-AF01-25FA55C51A4E}.Debug|Any CPU.Build.0 = Debug|Any CPU
		{7697B0A0-5607-4FCB-AF01-25FA55C51A4E}.Release|Any CPU.ActiveCfg = Release|Any CPU
		{7697B0A0-5607-4FCB-AF01-25FA55C51A4E}.Release|Any CPU.Build.0 = Release|Any CPU
		{4CDF3018-B91C-42D2-919D-011DFF33A7D4}.Debug|Any CPU.ActiveCfg = Debug|Any CPU
		{4CDF3018-B91C-42D2-919D-011DFF33A7D4}.Debug|Any CPU.Build.0 = Debug|Any CPU
		{4CDF3018-B91C-42D2-919D-011DFF33A7D4}.Release|Any CPU.ActiveCfg = Release|Any CPU
		{4CDF3018-B91C-42D2-919D-011DFF33A7D4}.Release|Any CPU.Build.0 = Release|Any CPU
		{38BAEC7E-2195-4CEC-B058-B623D3BCB731}.Debug|Any CPU.ActiveCfg = Debug|Any CPU
		{38BAEC7E-2195-4CEC-B058-B623D3BCB731}.Debug|Any CPU.Build.0 = Debug|Any CPU
		{38BAEC7E-2195-4CEC-B058-B623D3BCB731}.Release|Any CPU.ActiveCfg = Release|Any CPU
		{38BAEC7E-2195-4CEC-B058-B623D3BCB731}.Release|Any CPU.Build.0 = Release|Any CPU
		{411E3597-A524-46EC-BF69-337F5C20AD2F}.Debug|Any CPU.ActiveCfg = Debug|Any CPU
		{411E3597-A524-46EC-BF69-337F5C20AD2F}.Debug|Any CPU.Build.0 = Debug|Any CPU
		{411E3597-A524-46EC-BF69-337F5C20AD2F}.Release|Any CPU.ActiveCfg = Release|Any CPU
		{411E3597-A524-46EC-BF69-337F5C20AD2F}.Release|Any CPU.Build.0 = Release|Any CPU
		{2E0C7375-7B18-4295-B89E-50D11B2922DA}.Debug|Any CPU.ActiveCfg = Debug|Any CPU
		{2E0C7375-7B18-4295-B89E-50D11B2922DA}.Debug|Any CPU.Build.0 = Debug|Any CPU
		{2E0C7375-7B18-4295-B89E-50D11B2922DA}.Release|Any CPU.ActiveCfg = Release|Any CPU
		{2E0C7375-7B18-4295-B89E-50D11B2922DA}.Release|Any CPU.Build.0 = Release|Any CPU
		{5BA9791A-A021-4B44-B2D8-D6FAC208085B}.Debug|Any CPU.ActiveCfg = Debug|Any CPU
		{5BA9791A-A021-4B44-B2D8-D6FAC208085B}.Debug|Any CPU.Build.0 = Debug|Any CPU
		{5BA9791A-A021-4B44-B2D8-D6FAC208085B}.Release|Any CPU.ActiveCfg = Release|Any CPU
		{5BA9791A-A021-4B44-B2D8-D6FAC208085B}.Release|Any CPU.Build.0 = Release|Any CPU
		{5CFB6AB0-0E4B-447C-BED3-30557A3499D8}.Debug|Any CPU.ActiveCfg = Debug|Any CPU
		{5CFB6AB0-0E4B-447C-BED3-30557A3499D8}.Debug|Any CPU.Build.0 = Debug|Any CPU
		{5CFB6AB0-0E4B-447C-BED3-30557A3499D8}.Release|Any CPU.ActiveCfg = Release|Any CPU
		{5CFB6AB0-0E4B-447C-BED3-30557A3499D8}.Release|Any CPU.Build.0 = Release|Any CPU
		{1E9E13B1-2FB2-485B-B2BD-770F81F4D7E2}.Debug|Any CPU.ActiveCfg = Debug|Any CPU
		{1E9E13B1-2FB2-485B-B2BD-770F81F4D7E2}.Debug|Any CPU.Build.0 = Debug|Any CPU
		{1E9E13B1-2FB2-485B-B2BD-770F81F4D7E2}.Release|Any CPU.ActiveCfg = Release|Any CPU
		{1E9E13B1-2FB2-485B-B2BD-770F81F4D7E2}.Release|Any CPU.Build.0 = Release|Any CPU
		{22416D78-35E4-4F4C-A2E0-038FF9949589}.Debug|Any CPU.ActiveCfg = Debug|Any CPU
		{22416D78-35E4-4F4C-A2E0-038FF9949589}.Debug|Any CPU.Build.0 = Debug|Any CPU
		{22416D78-35E4-4F4C-A2E0-038FF9949589}.Release|Any CPU.ActiveCfg = Release|Any CPU
		{22416D78-35E4-4F4C-A2E0-038FF9949589}.Release|Any CPU.Build.0 = Release|Any CPU
		{4E5C03E4-6535-4B19-A5B9-7B42610CDCBB}.Debug|Any CPU.ActiveCfg = Debug|Any CPU
		{4E5C03E4-6535-4B19-A5B9-7B42610CDCBB}.Debug|Any CPU.Build.0 = Debug|Any CPU
		{4E5C03E4-6535-4B19-A5B9-7B42610CDCBB}.Release|Any CPU.ActiveCfg = Release|Any CPU
		{4E5C03E4-6535-4B19-A5B9-7B42610CDCBB}.Release|Any CPU.Build.0 = Release|Any CPU
		{63C0B2EB-0E27-4DEC-83D3-7A024B07803B}.Debug|Any CPU.ActiveCfg = Debug|Any CPU
		{63C0B2EB-0E27-4DEC-83D3-7A024B07803B}.Debug|Any CPU.Build.0 = Debug|Any CPU
		{63C0B2EB-0E27-4DEC-83D3-7A024B07803B}.Release|Any CPU.ActiveCfg = Release|Any CPU
		{63C0B2EB-0E27-4DEC-83D3-7A024B07803B}.Release|Any CPU.Build.0 = Release|Any CPU
		{6AF9B0EA-FD19-45AB-916F-789509B80433}.Debug|Any CPU.ActiveCfg = Debug|Any CPU
		{6AF9B0EA-FD19-45AB-916F-789509B80433}.Debug|Any CPU.Build.0 = Debug|Any CPU
		{6AF9B0EA-FD19-45AB-916F-789509B80433}.Release|Any CPU.ActiveCfg = Release|Any CPU
		{6AF9B0EA-FD19-45AB-916F-789509B80433}.Release|Any CPU.Build.0 = Release|Any CPU
		{824BBED8-279A-492E-B198-F36BA31AC7E5}.Debug|Any CPU.ActiveCfg = Debug|Any CPU
		{824BBED8-279A-492E-B198-F36BA31AC7E5}.Debug|Any CPU.Build.0 = Debug|Any CPU
		{824BBED8-279A-492E-B198-F36BA31AC7E5}.Release|Any CPU.ActiveCfg = Release|Any CPU
		{824BBED8-279A-492E-B198-F36BA31AC7E5}.Release|Any CPU.Build.0 = Release|Any CPU
	EndGlobalSection
	GlobalSection(SolutionProperties) = preSolution
		HideSolutionNode = FALSE
	EndGlobalSection
	GlobalSection(NestedProjects) = preSolution
		{D085266D-E28C-4C7F-99DB-20D13BF97BB0} = {7288F1BF-7DB8-4992-8B9E-A0DAA864B7C3}
		{2D5D42B2-32AA-42A4-B96B-91E58DD1AA5B} = {D085266D-E28C-4C7F-99DB-20D13BF97BB0}
		{5BE7403A-E5CA-4BBA-9D46-26F3CF0EB5FB} = {D085266D-E28C-4C7F-99DB-20D13BF97BB0}
		{03F2CFDD-5BFA-4E64-BB63-C630EEBE4104} = {D085266D-E28C-4C7F-99DB-20D13BF97BB0}
		{B31AB1E3-4B31-492B-A880-9EFE1CF334DF} = {D085266D-E28C-4C7F-99DB-20D13BF97BB0}
		{1EF1BCFF-E928-4C8C-BEE6-B4B72C28528B} = {7288F1BF-7DB8-4992-8B9E-A0DAA864B7C3}
		{D597300D-C852-468E-BBA4-341EA46C1C4A} = {1EF1BCFF-E928-4C8C-BEE6-B4B72C28528B}
		{F9EC0AC8-672D-42A2-8357-79E5D7A0E153} = {1EF1BCFF-E928-4C8C-BEE6-B4B72C28528B}
		{2852EAD9-1EBD-405F-80D4-3CF83F0C39CD} = {1EF1BCFF-E928-4C8C-BEE6-B4B72C28528B}
		{0EDF1EF0-0D15-4CA6-A6B7-9AF33FC1931B} = {1EF1BCFF-E928-4C8C-BEE6-B4B72C28528B}
		{99C2A359-F685-43A7-B029-5640C1B601AE} = {1EF1BCFF-E928-4C8C-BEE6-B4B72C28528B}
		{5586094D-5EE1-4868-BA68-8ECE0649F2F9} = {1EF1BCFF-E928-4C8C-BEE6-B4B72C28528B}
		{379D468D-4798-4ED7-8E6B-2383B0C21EA9} = {1EF1BCFF-E928-4C8C-BEE6-B4B72C28528B}
		{9B9CF25B-62DF-4954-A06B-67C058520293} = {1EF1BCFF-E928-4C8C-BEE6-B4B72C28528B}
		{73A45696-068F-4270-9F12-480EE334B660} = {1EF1BCFF-E928-4C8C-BEE6-B4B72C28528B}
		{A6E960CB-17C7-472D-8E1B-8505E46710D4} = {1EF1BCFF-E928-4C8C-BEE6-B4B72C28528B}
		{403C4E65-FA3A-43A8-976D-8EF76EC03E0A} = {88E9D87C-B48D-4115-AE43-B7583259AA64}
		{8BE20400-9F09-47F2-AAE1-721C4E5D9341} = {88E9D87C-B48D-4115-AE43-B7583259AA64}
		{D99E08D9-B1EA-4C09-8682-9687820F7AE3} = {1EF1BCFF-E928-4C8C-BEE6-B4B72C28528B}
		{8EB166CA-53D4-4E9D-8E52-3115EC66AC77} = {1EF1BCFF-E928-4C8C-BEE6-B4B72C28528B}
		{752A5F45-0BF2-4125-99F0-6C9BB8F71DB7} = {1EF1BCFF-E928-4C8C-BEE6-B4B72C28528B}
		{F351BE01-4876-4D74-85B2-595DAF12001B} = {D085266D-E28C-4C7F-99DB-20D13BF97BB0}
		{E7F5EEE2-8884-4698-A365-EAE2B62B6B3C} = {1EF1BCFF-E928-4C8C-BEE6-B4B72C28528B}
		{7697B0A0-5607-4FCB-AF01-25FA55C51A4E} = {1EF1BCFF-E928-4C8C-BEE6-B4B72C28528B}
		{4CDF3018-B91C-42D2-919D-011DFF33A7D4} = {8DEF7A7D-2595-4DF8-B5D4-67E877400FE3}
		{38BAEC7E-2195-4CEC-B058-B623D3BCB731} = {8BE20400-9F09-47F2-AAE1-721C4E5D9341}
		{411E3597-A524-46EC-BF69-337F5C20AD2F} = {403C4E65-FA3A-43A8-976D-8EF76EC03E0A}
		{2E0C7375-7B18-4295-B89E-50D11B2922DA} = {8BE20400-9F09-47F2-AAE1-721C4E5D9341}
		{5BA9791A-A021-4B44-B2D8-D6FAC208085B} = {8BE20400-9F09-47F2-AAE1-721C4E5D9341}
		{5CFB6AB0-0E4B-447C-BED3-30557A3499D8} = {8BE20400-9F09-47F2-AAE1-721C4E5D9341}
		{1E9E13B1-2FB2-485B-B2BD-770F81F4D7E2} = {403C4E65-FA3A-43A8-976D-8EF76EC03E0A}
		{22416D78-35E4-4F4C-A2E0-038FF9949589} = {403C4E65-FA3A-43A8-976D-8EF76EC03E0A}
		{4E5C03E4-6535-4B19-A5B9-7B42610CDCBB} = {403C4E65-FA3A-43A8-976D-8EF76EC03E0A}
		{63C0B2EB-0E27-4DEC-83D3-7A024B07803B} = {8DEF7A7D-2595-4DF8-B5D4-67E877400FE3}
		{C88CD92C-EF84-4649-B77B-15A989D1709F} = {B14F6DCA-D84D-42C6-A4CA-8E42FA5B4714}
		{B14F6DCA-D84D-42C6-A4CA-8E42FA5B4714} = {0F9FF0FB-B90A-4372-8640-B95A316B19FA}
		{6AF9B0EA-FD19-45AB-916F-789509B80433} = {8DEF7A7D-2595-4DF8-B5D4-67E877400FE3}
		{DC652ACC-81D6-424A-9C6B-A08E87C17568} = {B14F6DCA-D84D-42C6-A4CA-8E42FA5B4714}
		{824BBED8-279A-492E-B198-F36BA31AC7E5} = {8DEF7A7D-2595-4DF8-B5D4-67E877400FE3}
		{8DEF7A7D-2595-4DF8-B5D4-67E877400FE3} = {0F9FF0FB-B90A-4372-8640-B95A316B19FA}
	EndGlobalSection
	GlobalSection(ExtensibilityGlobals) = postSolution
		SolutionGuid = {8D33B432-22A4-4A5C-8D39-ABEF3571804A}
	EndGlobalSection
EndGlobal
